// !$*UTF8*$!
{
	archiveVersion = 1;
	classes = {
	};
	objectVersion = 50;
	objects = {

/* Begin PBXBuildFile section */
		AA9B6AD92585AA5F004559E4 /* NavDemoApp.swift in Sources */ = {isa = PBXBuildFile; fileRef = AA9B6AD82585AA5F004559E4 /* NavDemoApp.swift */; };
		AA9B6ADB2585AA5F004559E4 /* ContentView.swift in Sources */ = {isa = PBXBuildFile; fileRef = AA9B6ADA2585AA5F004559E4 /* ContentView.swift */; };
		AA9B6ADD2585AA60004559E4 /* Assets.xcassets in Resources */ = {isa = PBXBuildFile; fileRef = AA9B6ADC2585AA60004559E4 /* Assets.xcassets */; };
		AA9B6AE02585AA60004559E4 /* Preview Assets.xcassets in Resources */ = {isa = PBXBuildFile; fileRef = AA9B6ADF2585AA60004559E4 /* Preview Assets.xcassets */; };
		AA9B6AEB2585AA60004559E4 /* NavDemoTests.swift in Sources */ = {isa = PBXBuildFile; fileRef = AA9B6AEA2585AA60004559E4 /* NavDemoTests.swift */; };
		AA9B6AF62585AA60004559E4 /* NavDemoUITests.swift in Sources */ = {isa = PBXBuildFile; fileRef = AA9B6AF52585AA60004559E4 /* NavDemoUITests.swift */; };
/* End PBXBuildFile section */

/* Begin PBXContainerItemProxy section */
		AA9B6AE72585AA60004559E4 /* PBXContainerItemProxy */ = {
			isa = PBXContainerItemProxy;
			containerPortal = AA9B6ACD2585AA5F004559E4 /* Project object */;
			proxyType = 1;
			remoteGlobalIDString = AA9B6AD42585AA5F004559E4;
			remoteInfo = NavDemo;
		};
		AA9B6AF22585AA60004559E4 /* PBXContainerItemProxy */ = {
			isa = PBXContainerItemProxy;
			containerPortal = AA9B6ACD2585AA5F004559E4 /* Project object */;
			proxyType = 1;
			remoteGlobalIDString = AA9B6AD42585AA5F004559E4;
			remoteInfo = NavDemo;
		};
/* End PBXContainerItemProxy section */

/* Begin PBXFileReference section */
		AA9B6AD52585AA5F004559E4 /* NavDemo.app */ = {isa = PBXFileReference; explicitFileType = wrapper.application; includeInIndex = 0; path = NavDemo.app; sourceTree = BUILT_PRODUCTS_DIR; };
		AA9B6AD82585AA5F004559E4 /* NavDemoApp.swift */ = {isa = PBXFileReference; lastKnownFileType = sourcecode.swift; path = NavDemoApp.swift; sourceTree = "<group>"; };
		AA9B6ADA2585AA5F004559E4 /* ContentView.swift */ = {isa = PBXFileReference; lastKnownFileType = sourcecode.swift; path = ContentView.swift; sourceTree = "<group>"; };
		AA9B6ADC2585AA60004559E4 /* Assets.xcassets */ = {isa = PBXFileReference; lastKnownFileType = folder.assetcatalog; path = Assets.xcassets; sourceTree = "<group>"; };
		AA9B6ADF2585AA60004559E4 /* Preview Assets.xcassets */ = {isa = PBXFileReference; lastKnownFileType = folder.assetcatalog; path = "Preview Assets.xcassets"; sourceTree = "<group>"; };
		AA9B6AE12585AA60004559E4 /* Info.plist */ = {isa = PBXFileReference; lastKnownFileType = text.plist.xml; path = Info.plist; sourceTree = "<group>"; };
		AA9B6AE62585AA60004559E4 /* NavDemoTests.xctest */ = {isa = PBXFileReference; explicitFileType = wrapper.cfbundle; includeInIndex = 0; path = NavDemoTests.xctest; sourceTree = BUILT_PRODUCTS_DIR; };
		AA9B6AEA2585AA60004559E4 /* NavDemoTests.swift */ = {isa = PBXFileReference; lastKnownFileType = sourcecode.swift; path = NavDemoTests.swift; sourceTree = "<group>"; };
		AA9B6AEC2585AA60004559E4 /* Info.plist */ = {isa = PBXFileReference; lastKnownFileType = text.plist.xml; path = Info.plist; sourceTree = "<group>"; };
		AA9B6AF12585AA60004559E4 /* NavDemoUITests.xctest */ = {isa = PBXFileReference; explicitFileType = wrapper.cfbundle; includeInIndex = 0; path = NavDemoUITests.xctest; sourceTree = BUILT_PRODUCTS_DIR; };
		AA9B6AF52585AA60004559E4 /* NavDemoUITests.swift */ = {isa = PBXFileReference; lastKnownFileType = sourcecode.swift; path = NavDemoUITests.swift; sourceTree = "<group>"; };
		AA9B6AF72585AA60004559E4 /* Info.plist */ = {isa = PBXFileReference; lastKnownFileType = text.plist.xml; path = Info.plist; sourceTree = "<group>"; };
/* End PBXFileReference section */

/* Begin PBXFrameworksBuildPhase section */
		AA9B6AD22585AA5F004559E4 /* Frameworks */ = {
			isa = PBXFrameworksBuildPhase;
			buildActionMask = 2147483647;
			files = (
			);
			runOnlyForDeploymentPostprocessing = 0;
		};
		AA9B6AE32585AA60004559E4 /* Frameworks */ = {
			isa = PBXFrameworksBuildPhase;
			buildActionMask = 2147483647;
			files = (
			);
			runOnlyForDeploymentPostprocessing = 0;
		};
		AA9B6AEE2585AA60004559E4 /* Frameworks */ = {
			isa = PBXFrameworksBuildPhase;
			buildActionMask = 2147483647;
			files = (
			);
			runOnlyForDeploymentPostprocessing = 0;
		};
/* End PBXFrameworksBuildPhase section */

/* Begin PBXGroup section */
		AA9B6ACC2585AA5F004559E4 = {
			isa = PBXGroup;
			children = (
				AA9B6AD72585AA5F004559E4 /* NavDemo */,
				AA9B6AE92585AA60004559E4 /* NavDemoTests */,
				AA9B6AF42585AA60004559E4 /* NavDemoUITests */,
				AA9B6AD62585AA5F004559E4 /* Products */,
			);
			sourceTree = "<group>";
		};
		AA9B6AD62585AA5F004559E4 /* Products */ = {
			isa = PBXGroup;
			children = (
				AA9B6AD52585AA5F004559E4 /* NavDemo.app */,
				AA9B6AE62585AA60004559E4 /* NavDemoTests.xctest */,
				AA9B6AF12585AA60004559E4 /* NavDemoUITests.xctest */,
			);
			name = Products;
			sourceTree = "<group>";
		};
		AA9B6AD72585AA5F004559E4 /* NavDemo */ = {
			isa = PBXGroup;
			children = (
				AA9B6AD82585AA5F004559E4 /* NavDemoApp.swift */,
				AA9B6ADA2585AA5F004559E4 /* ContentView.swift */,
				AA9B6ADC2585AA60004559E4 /* Assets.xcassets */,
				AA9B6AE12585AA60004559E4 /* Info.plist */,
				AA9B6ADE2585AA60004559E4 /* Preview Content */,
			);
			path = NavDemo;
			sourceTree = "<group>";
		};
		AA9B6ADE2585AA60004559E4 /* Preview Content */ = {
			isa = PBXGroup;
			children = (
				AA9B6ADF2585AA60004559E4 /* Preview Assets.xcassets */,
			);
			path = "Preview Content";
			sourceTree = "<group>";
		};
		AA9B6AE92585AA60004559E4 /* NavDemoTests */ = {
			isa = PBXGroup;
			children = (
				AA9B6AEA2585AA60004559E4 /* NavDemoTests.swift */,
				AA9B6AEC2585AA60004559E4 /* Info.plist */,
			);
			path = NavDemoTests;
			sourceTree = "<group>";
		};
		AA9B6AF42585AA60004559E4 /* NavDemoUITests */ = {
			isa = PBXGroup;
			children = (
				AA9B6AF52585AA60004559E4 /* NavDemoUITests.swift */,
				AA9B6AF72585AA60004559E4 /* Info.plist */,
			);
			path = NavDemoUITests;
			sourceTree = "<group>";
		};
/* End PBXGroup section */

/* Begin PBXNativeTarget section */
		AA9B6AD42585AA5F004559E4 /* NavDemo */ = {
			isa = PBXNativeTarget;
			buildConfigurationList = AA9B6AFA2585AA60004559E4 /* Build configuration list for PBXNativeTarget "NavDemo" */;
			buildPhases = (
				AA9B6AD12585AA5F004559E4 /* Sources */,
				AA9B6AD22585AA5F004559E4 /* Frameworks */,
				AA9B6AD32585AA5F004559E4 /* Resources */,
			);
			buildRules = (
			);
			dependencies = (
			);
			name = NavDemo;
			productName = NavDemo;
			productReference = AA9B6AD52585AA5F004559E4 /* NavDemo.app */;
			productType = "com.apple.product-type.application";
		};
		AA9B6AE52585AA60004559E4 /* NavDemoTests */ = {
			isa = PBXNativeTarget;
			buildConfigurationList = AA9B6AFD2585AA60004559E4 /* Build configuration list for PBXNativeTarget "NavDemoTests" */;
			buildPhases = (
				AA9B6AE22585AA60004559E4 /* Sources */,
				AA9B6AE32585AA60004559E4 /* Frameworks */,
				AA9B6AE42585AA60004559E4 /* Resources */,
			);
			buildRules = (
			);
			dependencies = (
				AA9B6AE82585AA60004559E4 /* PBXTargetDependency */,
			);
			name = NavDemoTests;
			productName = NavDemoTests;
			productReference = AA9B6AE62585AA60004559E4 /* NavDemoTests.xctest */;
			productType = "com.apple.product-type.bundle.unit-test";
		};
		AA9B6AF02585AA60004559E4 /* NavDemoUITests */ = {
			isa = PBXNativeTarget;
			buildConfigurationList = AA9B6B002585AA60004559E4 /* Build configuration list for PBXNativeTarget "NavDemoUITests" */;
			buildPhases = (
				AA9B6AED2585AA60004559E4 /* Sources */,
				AA9B6AEE2585AA60004559E4 /* Frameworks */,
				AA9B6AEF2585AA60004559E4 /* Resources */,
			);
			buildRules = (
			);
			dependencies = (
				AA9B6AF32585AA60004559E4 /* PBXTargetDependency */,
			);
			name = NavDemoUITests;
			productName = NavDemoUITests;
			productReference = AA9B6AF12585AA60004559E4 /* NavDemoUITests.xctest */;
			productType = "com.apple.product-type.bundle.ui-testing";
		};
/* End PBXNativeTarget section */

/* Begin PBXProject section */
		AA9B6ACD2585AA5F004559E4 /* Project object */ = {
			isa = PBXProject;
			attributes = {
				LastSwiftUpdateCheck = 1220;
				LastUpgradeCheck = 1220;
				TargetAttributes = {
					AA9B6AD42585AA5F004559E4 = {
						CreatedOnToolsVersion = 12.2;
					};
					AA9B6AE52585AA60004559E4 = {
						CreatedOnToolsVersion = 12.2;
						TestTargetID = AA9B6AD42585AA5F004559E4;
					};
					AA9B6AF02585AA60004559E4 = {
						CreatedOnToolsVersion = 12.2;
						TestTargetID = AA9B6AD42585AA5F004559E4;
					};
				};
			};
			buildConfigurationList = AA9B6AD02585AA5F004559E4 /* Build configuration list for PBXProject "NavDemo" */;
			compatibilityVersion = "Xcode 9.3";
			developmentRegion = en;
			hasScannedForEncodings = 0;
			knownRegions = (
				en,
				Base,
			);
			mainGroup = AA9B6ACC2585AA5F004559E4;
			productRefGroup = AA9B6AD62585AA5F004559E4 /* Products */;
			projectDirPath = "";
			projectRoot = "";
			targets = (
				AA9B6AD42585AA5F004559E4 /* NavDemo */,
				AA9B6AE52585AA60004559E4 /* NavDemoTests */,
				AA9B6AF02585AA60004559E4 /* NavDemoUITests */,
			);
		};
/* End PBXProject section */

/* Begin PBXResourcesBuildPhase section */
		AA9B6AD32585AA5F004559E4 /* Resources */ = {
			isa = PBXResourcesBuildPhase;
			buildActionMask = 2147483647;
			files = (
				AA9B6AE02585AA60004559E4 /* Preview Assets.xcassets in Resources */,
				AA9B6ADD2585AA60004559E4 /* Assets.xcassets in Resources */,
			);
			runOnlyForDeploymentPostprocessing = 0;
		};
		AA9B6AE42585AA60004559E4 /* Resources */ = {
			isa = PBXResourcesBuildPhase;
			buildActionMask = 2147483647;
			files = (
			);
			runOnlyForDeploymentPostprocessing = 0;
		};
		AA9B6AEF2585AA60004559E4 /* Resources */ = {
			isa = PBXResourcesBuildPhase;
			buildActionMask = 2147483647;
			files = (
			);
			runOnlyForDeploymentPostprocessing = 0;
		};
/* End PBXResourcesBuildPhase section */

/* Begin PBXSourcesBuildPhase section */
		AA9B6AD12585AA5F004559E4 /* Sources */ = {
			isa = PBXSourcesBuildPhase;
			buildActionMask = 2147483647;
			files = (
				AA9B6ADB2585AA5F004559E4 /* ContentView.swift in Sources */,
				AA9B6AD92585AA5F004559E4 /* NavDemoApp.swift in Sources */,
			);
			runOnlyForDeploymentPostprocessing = 0;
		};
		AA9B6AE22585AA60004559E4 /* Sources */ = {
			isa = PBXSourcesBuildPhase;
			buildActionMask = 2147483647;
			files = (
				AA9B6AEB2585AA60004559E4 /* NavDemoTests.swift in Sources */,
			);
			runOnlyForDeploymentPostprocessing = 0;
		};
		AA9B6AED2585AA60004559E4 /* Sources */ = {
			isa = PBXSourcesBuildPhase;
			buildActionMask = 2147483647;
			files = (
				AA9B6AF62585AA60004559E4 /* NavDemoUITests.swift in Sources */,
			);
			runOnlyForDeploymentPostprocessing = 0;
		};
/* End PBXSourcesBuildPhase section */

/* Begin PBXTargetDependency section */
		AA9B6AE82585AA60004559E4 /* PBXTargetDependency */ = {
			isa = PBXTargetDependency;
			target = AA9B6AD42585AA5F004559E4 /* NavDemo */;
			targetProxy = AA9B6AE72585AA60004559E4 /* PBXContainerItemProxy */;
		};
		AA9B6AF32585AA60004559E4 /* PBXTargetDependency */ = {
			isa = PBXTargetDependency;
			target = AA9B6AD42585AA5F004559E4 /* NavDemo */;
			targetProxy = AA9B6AF22585AA60004559E4 /* PBXContainerItemProxy */;
		};
/* End PBXTargetDependency section */

/* Begin XCBuildConfiguration section */
		AA9B6AF82585AA60004559E4 /* Debug */ = {
			isa = XCBuildConfiguration;
			buildSettings = {
				ALWAYS_SEARCH_USER_PATHS = NO;
				CLANG_ANALYZER_NONNULL = YES;
				CLANG_ANALYZER_NUMBER_OBJECT_CONVERSION = YES_AGGRESSIVE;
				CLANG_CXX_LANGUAGE_STANDARD = "gnu++14";
				CLANG_CXX_LIBRARY = "libc++";
				CLANG_ENABLE_MODULES = YES;
				CLANG_ENABLE_OBJC_ARC = YES;
				CLANG_ENABLE_OBJC_WEAK = YES;
				CLANG_WARN_BLOCK_CAPTURE_AUTORELEASING = YES;
				CLANG_WARN_BOOL_CONVERSION = YES;
				CLANG_WARN_COMMA = YES;
				CLANG_WARN_CONSTANT_CONVERSION = YES;
				CLANG_WARN_DEPRECATED_OBJC_IMPLEMENTATIONS = YES;
				CLANG_WARN_DIRECT_OBJC_ISA_USAGE = YES_ERROR;
				CLANG_WARN_DOCUMENTATION_COMMENTS = YES;
				CLANG_WARN_EMPTY_BODY = YES;
				CLANG_WARN_ENUM_CONVERSION = YES;
				CLANG_WARN_INFINITE_RECURSION = YES;
				CLANG_WARN_INT_CONVERSION = YES;
				CLANG_WARN_NON_LITERAL_NULL_CONVERSION = YES;
				CLANG_WARN_OBJC_IMPLICIT_RETAIN_SELF = YES;
				CLANG_WARN_OBJC_LITERAL_CONVERSION = YES;
				CLANG_WARN_OBJC_ROOT_CLASS = YES_ERROR;
				CLANG_WARN_QUOTED_INCLUDE_IN_FRAMEWORK_HEADER = YES;
				CLANG_WARN_RANGE_LOOP_ANALYSIS = YES;
				CLANG_WARN_STRICT_PROTOTYPES = YES;
				CLANG_WARN_SUSPICIOUS_MOVE = YES;
				CLANG_WARN_UNGUARDED_AVAILABILITY = YES_AGGRESSIVE;
				CLANG_WARN_UNREACHABLE_CODE = YES;
				CLANG_WARN__DUPLICATE_METHOD_MATCH = YES;
				COPY_PHASE_STRIP = NO;
				DEBUG_INFORMATION_FORMAT = dwarf;
				ENABLE_STRICT_OBJC_MSGSEND = YES;
				ENABLE_TESTABILITY = YES;
				GCC_C_LANGUAGE_STANDARD = gnu11;
				GCC_DYNAMIC_NO_PIC = NO;
				GCC_NO_COMMON_BLOCKS = YES;
				GCC_OPTIMIZATION_LEVEL = 0;
				GCC_PREPROCESSOR_DEFINITIONS = (
					"DEBUG=1",
					"$(inherited)",
				);
				GCC_WARN_64_TO_32_BIT_CONVERSION = YES;
				GCC_WARN_ABOUT_RETURN_TYPE = YES_ERROR;
				GCC_WARN_UNDECLARED_SELECTOR = YES;
				GCC_WARN_UNINITIALIZED_AUTOS = YES_AGGRESSIVE;
				GCC_WARN_UNUSED_FUNCTION = YES;
				GCC_WARN_UNUSED_VARIABLE = YES;
				IPHONEOS_DEPLOYMENT_TARGET = 14.2;
				MTL_ENABLE_DEBUG_INFO = INCLUDE_SOURCE;
				MTL_FAST_MATH = YES;
				ONLY_ACTIVE_ARCH = YES;
				SDKROOT = iphoneos;
				SWIFT_ACTIVE_COMPILATION_CONDITIONS = DEBUG;
				SWIFT_OPTIMIZATION_LEVEL = "-Onone";
			};
			name = Debug;
		};
		AA9B6AF92585AA60004559E4 /* Release */ = {
			isa = XCBuildConfiguration;
			buildSettings = {
				ALWAYS_SEARCH_USER_PATHS = NO;
				CLANG_ANALYZER_NONNULL = YES;
				CLANG_ANALYZER_NUMBER_OBJECT_CONVERSION = YES_AGGRESSIVE;
				CLANG_CXX_LANGUAGE_STANDARD = "gnu++14";
				CLANG_CXX_LIBRARY = "libc++";
				CLANG_ENABLE_MODULES = YES;
				CLANG_ENABLE_OBJC_ARC = YES;
				CLANG_ENABLE_OBJC_WEAK = YES;
				CLANG_WARN_BLOCK_CAPTURE_AUTORELEASING = YES;
				CLANG_WARN_BOOL_CONVERSION = YES;
				CLANG_WARN_COMMA = YES;
				CLANG_WARN_CONSTANT_CONVERSION = YES;
				CLANG_WARN_DEPRECATED_OBJC_IMPLEMENTATIONS = YES;
				CLANG_WARN_DIRECT_OBJC_ISA_USAGE = YES_ERROR;
				CLANG_WARN_DOCUMENTATION_COMMENTS = YES;
				CLANG_WARN_EMPTY_BODY = YES;
				CLANG_WARN_ENUM_CONVERSION = YES;
				CLANG_WARN_INFINITE_RECURSION = YES;
				CLANG_WARN_INT_CONVERSION = YES;
				CLANG_WARN_NON_LITERAL_NULL_CONVERSION = YES;
				CLANG_WARN_OBJC_IMPLICIT_RETAIN_SELF = YES;
				CLANG_WARN_OBJC_LITERAL_CONVERSION = YES;
				CLANG_WARN_OBJC_ROOT_CLASS = YES_ERROR;
				CLANG_WARN_QUOTED_INCLUDE_IN_FRAMEWORK_HEADER = YES;
				CLANG_WARN_RANGE_LOOP_ANALYSIS = YES;
				CLANG_WARN_STRICT_PROTOTYPES = YES;
				CLANG_WARN_SUSPICIOUS_MOVE = YES;
				CLANG_WARN_UNGUARDED_AVAILABILITY = YES_AGGRESSIVE;
				CLANG_WARN_UNREACHABLE_CODE = YES;
				CLANG_WARN__DUPLICATE_METHOD_MATCH = YES;
				COPY_PHASE_STRIP = NO;
				DEBUG_INFORMATION_FORMAT = "dwarf-with-dsym";
				ENABLE_NS_ASSERTIONS = NO;
				ENABLE_STRICT_OBJC_MSGSEND = YES;
				GCC_C_LANGUAGE_STANDARD = gnu11;
				GCC_NO_COMMON_BLOCKS = YES;
				GCC_WARN_64_TO_32_BIT_CONVERSION = YES;
				GCC_WARN_ABOUT_RETURN_TYPE = YES_ERROR;
				GCC_WARN_UNDECLARED_SELECTOR = YES;
				GCC_WARN_UNINITIALIZED_AUTOS = YES_AGGRESSIVE;
				GCC_WARN_UNUSED_FUNCTION = YES;
				GCC_WARN_UNUSED_VARIABLE = YES;
				IPHONEOS_DEPLOYMENT_TARGET = 14.2;
				MTL_ENABLE_DEBUG_INFO = NO;
				MTL_FAST_MATH = YES;
				SDKROOT = iphoneos;
				SWIFT_COMPILATION_MODE = wholemodule;
				SWIFT_OPTIMIZATION_LEVEL = "-O";
				VALIDATE_PRODUCT = YES;
			};
			name = Release;
		};
		AA9B6AFB2585AA60004559E4 /* Debug */ = {
			isa = XCBuildConfiguration;
			buildSettings = {
				ASSETCATALOG_COMPILER_APPICON_NAME = AppIcon;
				ASSETCATALOG_COMPILER_GLOBAL_ACCENT_COLOR_NAME = AccentColor;
				CODE_SIGN_STYLE = Automatic;
				DEVELOPMENT_ASSET_PATHS = "\"NavDemo/Preview Content\"";
				DEVELOPMENT_TEAM = M9E78PZP5E;
				ENABLE_PREVIEWS = YES;
				INFOPLIST_FILE = NavDemo/Info.plist;
				IPHONEOS_DEPLOYMENT_TARGET = 14.0;
				LD_RUNPATH_SEARCH_PATHS = (
					"$(inherited)",
					"@executable_path/Frameworks",
				);
				PRODUCT_BUNDLE_IDENTIFIER = com.navdemo.NavDemo;
				PRODUCT_NAME = "$(TARGET_NAME)";
				SWIFT_VERSION = 5.0;
				TARGETED_DEVICE_FAMILY = "1,2";
			};
			name = Debug;
		};
		AA9B6AFC2585AA60004559E4 /* Release */ = {
			isa = XCBuildConfiguration;
			buildSettings = {
				ASSETCATALOG_COMPILER_APPICON_NAME = AppIcon;
				ASSETCATALOG_COMPILER_GLOBAL_ACCENT_COLOR_NAME = AccentColor;
				CODE_SIGN_STYLE = Automatic;
				DEVELOPMENT_ASSET_PATHS = "\"NavDemo/Preview Content\"";
				DEVELOPMENT_TEAM = M9E78PZP5E;
				ENABLE_PREVIEWS = YES;
				INFOPLIST_FILE = NavDemo/Info.plist;
				IPHONEOS_DEPLOYMENT_TARGET = 14.0;
				LD_RUNPATH_SEARCH_PATHS = (
					"$(inherited)",
					"@executable_path/Frameworks",
				);
				PRODUCT_BUNDLE_IDENTIFIER = com.navdemo.NavDemo;
				PRODUCT_NAME = "$(TARGET_NAME)";
				SWIFT_VERSION = 5.0;
				TARGETED_DEVICE_FAMILY = "1,2";
			};
			name = Release;
		};
		AA9B6AFE2585AA60004559E4 /* Debug */ = {
			isa = XCBuildConfiguration;
			buildSettings = {
				ALWAYS_EMBED_SWIFT_STANDARD_LIBRARIES = YES;
				BUNDLE_LOADER = "$(TEST_HOST)";
				CODE_SIGN_STYLE = Automatic;
				DEVELOPMENT_TEAM = M9E78PZP5E;
				INFOPLIST_FILE = NavDemoTests/Info.plist;
				IPHONEOS_DEPLOYMENT_TARGET = 14.0;
				LD_RUNPATH_SEARCH_PATHS = (
					"$(inherited)",
					"@executable_path/Frameworks",
					"@loader_path/Frameworks",
				);
				PRODUCT_BUNDLE_IDENTIFIER = com.navdemo.NavDemoTests;
				PRODUCT_NAME = "$(TARGET_NAME)";
				SWIFT_VERSION = 5.0;
				TARGETED_DEVICE_FAMILY = "1,2";
				TEST_HOST = "$(BUILT_PRODUCTS_DIR)/NavDemo.app/NavDemo";
			};
			name = Debug;
		};
		AA9B6AFF2585AA60004559E4 /* Release */ = {
			isa = XCBuildConfiguration;
			buildSettings = {
				ALWAYS_EMBED_SWIFT_STANDARD_LIBRARIES = YES;
				BUNDLE_LOADER = "$(TEST_HOST)";
				CODE_SIGN_STYLE = Automatic;
				DEVELOPMENT_TEAM = M9E78PZP5E;
				INFOPLIST_FILE = NavDemoTests/Info.plist;
				IPHONEOS_DEPLOYMENT_TARGET = 14.0;
				LD_RUNPATH_SEARCH_PATHS = (
					"$(inherited)",
					"@executable_path/Frameworks",
					"@loader_path/Frameworks",
				);
				PRODUCT_BUNDLE_IDENTIFIER = com.navdemo.NavDemoTests;
				PRODUCT_NAME = "$(TARGET_NAME)";
				SWIFT_VERSION = 5.0;
				TARGETED_DEVICE_FAMILY = "1,2";
				TEST_HOST = "$(BUILT_PRODUCTS_DIR)/NavDemo.app/NavDemo";
			};
			name = Release;
		};
		AA9B6B012585AA60004559E4 /* Debug */ = {
			isa = XCBuildConfiguration;
			buildSettings = {
				ALWAYS_EMBED_SWIFT_STANDARD_LIBRARIES = YES;
				CODE_SIGN_STYLE = Automatic;
				DEVELOPMENT_TEAM = M9E78PZP5E;
				INFOPLIST_FILE = NavDemoUITests/Info.plist;
				LD_RUNPATH_SEARCH_PATHS = (
					"$(inherited)",
					"@executable_path/Frameworks",
					"@loader_path/Frameworks",
				);
				PRODUCT_BUNDLE_IDENTIFIER = com.navdemo.NavDemoUITests;
				PRODUCT_NAME = "$(TARGET_NAME)";
				SWIFT_VERSION = 5.0;
				TARGETED_DEVICE_FAMILY = "1,2";
				TEST_TARGET_NAME = NavDemo;
			};
			name = Debug;
		};
		AA9B6B022585AA60004559E4 /* Release */ = {
			isa = XCBuildConfiguration;
			buildSettings = {
				ALWAYS_EMBED_SWIFT_STANDARD_LIBRARIES = YES;
				CODE_SIGN_STYLE = Automatic;
				DEVELOPMENT_TEAM = M9E78PZP5E;
				INFOPLIST_FILE = NavDemoUITests/Info.plist;
				LD_RUNPATH_SEARCH_PATHS = (
					"$(inherited)",
					"@executable_path/Frameworks",
					"@loader_path/Frameworks",
				);
				PRODUCT_BUNDLE_IDENTIFIER = com.navdemo.NavDemoUITests;
				PRODUCT_NAME = "$(TARGET_NAME)";
				SWIFT_VERSION = 5.0;
				TARGETED_DEVICE_FAMILY = "1,2";
				TEST_TARGET_NAME = NavDemo;
			};
			name = Release;
		};
/* End XCBuildConfiguration section */

/* Begin XCConfigurationList section */
		AA9B6AD02585AA5F004559E4 /* Build configuration list for PBXProject "NavDemo" */ = {
			isa = XCConfigurationList;
			buildConfigurations = (
				AA9B6AF82585AA60004559E4 /* Debug */,
				AA9B6AF92585AA60004559E4 /* Release */,
			);
			defaultConfigurationIsVisible = 0;
			defaultConfigurationName = Release;
		};
		AA9B6AFA2585AA60004559E4 /* Build configuration list for PBXNativeTarget "NavDemo" */ = {
			isa = XCConfigurationList;
			buildConfigurations = (
				AA9B6AFB2585AA60004559E4 /* Debug */,
				AA9B6AFC2585AA60004559E4 /* Release */,
			);
			defaultConfigurationIsVisible = 0;
			defaultConfigurationName = Release;
		};
		AA9B6AFD2585AA60004559E4 /* Build configuration list for PBXNativeTarget "NavDemoTests" */ = {
			isa = XCConfigurationList;
			buildConfigurations = (
				AA9B6AFE2585AA60004559E4 /* Debug */,
				AA9B6AFF2585AA60004559E4 /* Release */,
			);
			defaultConfigurationIsVisible = 0;
			defaultConfigurationName = Release;
		};
		AA9B6B002585AA60004559E4 /* Build configuration list for PBXNativeTarget "NavDemoUITests" */ = {
			isa = XCConfigurationList;
			buildConfigurations = (
				AA9B6B012585AA60004559E4 /* Debug */,
				AA9B6B022585AA60004559E4 /* Release */,
			);
			defaultConfigurationIsVisible = 0;
			defaultConfigurationName = Release;
		};
/* End XCConfigurationList section */
	};
	rootObject = AA9B6ACD2585AA5F004559E4 /* Project object */;
}
